
Microsoft Visual Studio Solution File, Format Version 12.00
# Visual Studio Version 17
VisualStudioVersion = 17.4.33213.308
MinimumVisualStudioVersion = 10.0.40219.1
Project("{FAE04EC0-301F-11D3-BF4B-00C04F79EFBC}") = "ProjectFinal2", "ProjectFinal2\ProjectFinal2.csproj", "{EA975C7A-C7F6-4377-B32A-F299EEDE8ED4}"
EndProject
Global
	GlobalSection(SolutionConfigurationPlatforms) = preSolution
		Debug|Any CPU = Debug|Any CPU
		Release|Any CPU = Release|Any CPU
	EndGlobalSection
	GlobalSection(ProjectConfigurationPlatforms) = postSolution
		{EA975C7A-C7F6-4377-B32A-F299EEDE8ED4}.Debug|Any CPU.ActiveCfg = Debug|Any CPU
		{EA975C7A-C7F6-4377-B32A-F299EEDE8ED4}.Debug|Any CPU.Build.0 = Debug|Any CPU
		{EA975C7A-C7F6-4377-B32A-F299EEDE8ED4}.Release|Any CPU.ActiveCfg = Release|Any CPU
		{EA975C7A-C7F6-4377-B32A-F299EEDE8ED4}.Release|Any CPU.Build.0 = Release|Any CPU
	EndGlobalSection
	GlobalSection(SolutionProperties) = preSolution
		HideSolutionNode = FALSE
	EndGlobalSection
	GlobalSection(ExtensibilityGlobals) = postSolution
		SolutionGuid = {F50BC2CB-8F37-4269-959C-FC80153C105A}
	EndGlobalSection
EndGlobal
